
Microsoft Visual Studio Solution File, Format Version 12.00
# Visual Studio Version 17
VisualStudioVersion = 17.0.31919.166
MinimumVisualStudioVersion = 10.0.40219.1
Project("{FAE04EC0-301F-11D3-BF4B-00C04F79EFBC}") = "LabCG", "LabCG\LabCG.csproj", "{D76D16A5-021C-4597-843C-6ADB2D125C22}"
EndProject
Global
	GlobalSection(SolutionConfigurationPlatforms) = preSolution
		Debug|Any CPU = Debug|Any CPU
		Release|Any CPU = Release|Any CPU
	EndGlobalSection
	GlobalSection(ProjectConfigurationPlatforms) = postSolution
		{D76D16A5-021C-4597-843C-6ADB2D125C22}.Debug|Any CPU.ActiveCfg = Debug|Any CPU
		{D76D16A5-021C-4597-843C-6ADB2D125C22}.Debug|Any CPU.Build.0 = Debug|Any CPU
		{D76D16A5-021C-4597-843C-6ADB2D125C22}.Release|Any CPU.ActiveCfg = Release|Any CPU
		{D76D16A5-021C-4597-843C-6ADB2D125C22}.Release|Any CPU.Build.0 = Release|Any CPU
	EndGlobalSection
	GlobalSection(SolutionProperties) = preSolution
		HideSolutionNode = FALSE
	EndGlobalSection
	GlobalSection(ExtensibilityGlobals) = postSolution
		SolutionGuid = {8401BCA0-EBFA-420E-97C8-B65A4D57E015}
	EndGlobalSection
EndGlobal
